
Microsoft Visual Studio Solution File, Format Version 12.00
# Visual Studio 15
VisualStudioVersion = 15.0.28307.421
MinimumVisualStudioVersion = 10.0.40219.1
Project("{FAE04EC0-301F-11D3-BF4B-00C04F79EFBC}") = "Serif.Core", "Serif.Core\Serif.Core.csproj", "{4011F8BC-57DD-43A8-81BB-383D454EA7C2}"
EndProject
Project("{FAE04EC0-301F-11D3-BF4B-00C04F79EFBC}") = "Serif.Northwind.Entities", "Serif.Northwind.Entities\Serif.Northwind.Entities.csproj", "{2F3A0199-E122-43B8-BFF3-1F0B5DF73443}"
EndProject
Project("{FAE04EC0-301F-11D3-BF4B-00C04F79EFBC}") = "Serif.Northwind.DataAccess", "Serif.Northwind.DataAccess\Serif.Northwind.DataAccess.csproj", "{6F87EB63-DDFB-4618-B772-24EF1EF89886}"
EndProject
Project("{FAE04EC0-301F-11D3-BF4B-00C04F79EFBC}") = "Serif.Northwind.Business", "Serif.Northwind.Business\Serif.Northwind.Business.csproj", "{39D2AC95-05F6-426A-A3AC-E105EC2D56F2}"
EndProject
Project("{FAE04EC0-301F-11D3-BF4B-00C04F79EFBC}") = "Serif.Northwind.MvcWebUI", "Serif.Northwind.MvcWebUI\Serif.Northwind.MvcWebUI.csproj", "{3FD527AB-5B86-4827-B615-6CF13BE60FCB}"
EndProject
Global
	GlobalSection(SolutionConfigurationPlatforms) = preSolution
		Debug|Any CPU = Debug|Any CPU
		Release|Any CPU = Release|Any CPU
	EndGlobalSection
	GlobalSection(ProjectConfigurationPlatforms) = postSolution
		{4011F8BC-57DD-43A8-81BB-383D454EA7C2}.Debug|Any CPU.ActiveCfg = Debug|Any CPU
		{4011F8BC-57DD-43A8-81BB-383D454EA7C2}.Debug|Any CPU.Build.0 = Debug|Any CPU
		{4011F8BC-57DD-43A8-81BB-383D454EA7C2}.Release|Any CPU.ActiveCfg = Release|Any CPU
		{4011F8BC-57DD-43A8-81BB-383D454EA7C2}.Release|Any CPU.Build.0 = Release|Any CPU
		{2F3A0199-E122-43B8-BFF3-1F0B5DF73443}.Debug|Any CPU.ActiveCfg = Debug|Any CPU
		{2F3A0199-E122-43B8-BFF3-1F0B5DF73443}.Debug|Any CPU.Build.0 = Debug|Any CPU
		{2F3A0199-E122-43B8-BFF3-1F0B5DF73443}.Release|Any CPU.ActiveCfg = Release|Any CPU
		{2F3A0199-E122-43B8-BFF3-1F0B5DF73443}.Release|Any CPU.Build.0 = Release|Any CPU
		{6F87EB63-DDFB-4618-B772-24EF1EF89886}.Debug|Any CPU.ActiveCfg = Debug|Any CPU
		{6F87EB63-DDFB-4618-B772-24EF1EF89886}.Debug|Any CPU.Build.0 = Debug|Any CPU
		{6F87EB63-DDFB-4618-B772-24EF1EF89886}.Release|Any CPU.ActiveCfg = Release|Any CPU
		{6F87EB63-DDFB-4618-B772-24EF1EF89886}.Release|Any CPU.Build.0 = Release|Any CPU
		{39D2AC95-05F6-426A-A3AC-E105EC2D56F2}.Debug|Any CPU.ActiveCfg = Debug|Any CPU
		{39D2AC95-05F6-426A-A3AC-E105EC2D56F2}.Debug|Any CPU.Build.0 = Debug|Any CPU
		{39D2AC95-05F6-426A-A3AC-E105EC2D56F2}.Release|Any CPU.ActiveCfg = Release|Any CPU
		{39D2AC95-05F6-426A-A3AC-E105EC2D56F2}.Release|Any CPU.Build.0 = Release|Any CPU
		{3FD527AB-5B86-4827-B615-6CF13BE60FCB}.Debug|Any CPU.ActiveCfg = Debug|Any CPU
		{3FD527AB-5B86-4827-B615-6CF13BE60FCB}.Debug|Any CPU.Build.0 = Debug|Any CPU
		{3FD527AB-5B86-4827-B615-6CF13BE60FCB}.Release|Any CPU.ActiveCfg = Release|Any CPU
		{3FD527AB-5B86-4827-B615-6CF13BE60FCB}.Release|Any CPU.Build.0 = Release|Any CPU
	EndGlobalSection
	GlobalSection(SolutionProperties) = preSolution
		HideSolutionNode = FALSE
	EndGlobalSection
	GlobalSection(ExtensibilityGlobals) = postSolution
		SolutionGuid = {83A363DC-F5B8-4647-8844-355D86F5A53F}
	EndGlobalSection
EndGlobal
